
Microsoft Visual Studio Solution File, Format Version 12.00
# Visual Studio Version 17
VisualStudioVersion = 17.3.32929.385
MinimumVisualStudioVersion = 10.0.40219.1
Project("{FAE04EC0-301F-11D3-BF4B-00C04F79EFBC}") = "Api_WebApplication1_Services_Class", "Api_WebApplication1_Services_Class\Api_WebApplication1_Services_Class.csproj", "{DA410341-162A-48A5-9FD3-2E054E1BC750}"
EndProject
Global
	GlobalSection(SolutionConfigurationPlatforms) = preSolution
		Debug|Any CPU = Debug|Any CPU
		Release|Any CPU = Release|Any CPU
	EndGlobalSection
	GlobalSection(ProjectConfigurationPlatforms) = postSolution
		{DA410341-162A-48A5-9FD3-2E054E1BC750}.Debug|Any CPU.ActiveCfg = Debug|Any CPU
		{DA410341-162A-48A5-9FD3-2E054E1BC750}.Debug|Any CPU.Build.0 = Debug|Any CPU
		{DA410341-162A-48A5-9FD3-2E054E1BC750}.Release|Any CPU.ActiveCfg = Release|Any CPU
		{DA410341-162A-48A5-9FD3-2E054E1BC750}.Release|Any CPU.Build.0 = Release|Any CPU
	EndGlobalSection
	GlobalSection(SolutionProperties) = preSolution
		HideSolutionNode = FALSE
	EndGlobalSection
	GlobalSection(ExtensibilityGlobals) = postSolution
		SolutionGuid = {821E385B-E29C-432F-99D8-90DF475D2309}
	EndGlobalSection
EndGlobal
